// !$*UTF8*$!
{
	archiveVersion = 1;
	classes = {
	};
	objectVersion = 50;
	objects = {

/* Begin PBXBuildFile section */
		3113AD3723817FC300B96120 /* TasksViewController.swift in Sources */ = {isa = PBXBuildFile; fileRef = 3113AD3623817FC300B96120 /* TasksViewController.swift */; };
		31E684A2237CA5E400B01A4C /* AppDelegate.swift in Sources */ = {isa = PBXBuildFile; fileRef = 31E684A1237CA5E400B01A4C /* AppDelegate.swift */; };
		31E684A9237CA5E400B01A4C /* Assets.xcassets in Resources */ = {isa = PBXBuildFile; fileRef = 31E684A8237CA5E400B01A4C /* Assets.xcassets */; };
		31E684AC237CA5E400B01A4C /* LaunchScreen.storyboard in Resources */ = {isa = PBXBuildFile; fileRef = 31E684AA237CA5E400B01A4C /* LaunchScreen.storyboard */; };
		31E684B7237CA5E400B01A4C /* swift_task_projectTests.swift in Sources */ = {isa = PBXBuildFile; fileRef = 31E684B6237CA5E400B01A4C /* swift_task_projectTests.swift */; };
		31E684C2237CA5E400B01A4C /* swift_task_projectUITests.swift in Sources */ = {isa = PBXBuildFile; fileRef = 31E684C1237CA5E400B01A4C /* swift_task_projectUITests.swift */; };
/* End PBXBuildFile section */

/* Begin PBXContainerItemProxy section */
		31E684B3237CA5E400B01A4C /* PBXContainerItemProxy */ = {
			isa = PBXContainerItemProxy;
			containerPortal = 31E68496237CA5E400B01A4C /* Project object */;
			proxyType = 1;
			remoteGlobalIDString = 31E6849D237CA5E400B01A4C;
			remoteInfo = "swift-task-project";
		};
		31E684BE237CA5E400B01A4C /* PBXContainerItemProxy */ = {
			isa = PBXContainerItemProxy;
			containerPortal = 31E68496237CA5E400B01A4C /* Project object */;
			proxyType = 1;
			remoteGlobalIDString = 31E6849D237CA5E400B01A4C;
			remoteInfo = "swift-task-project";
		};
/* End PBXContainerItemProxy section */

/* Begin PBXFileReference section */
		3113AD3623817FC300B96120 /* TasksViewController.swift */ = {isa = PBXFileReference; lastKnownFileType = sourcecode.swift; path = TasksViewController.swift; sourceTree = "<group>"; };
		31E6849E237CA5E400B01A4C /* swift-task-project.app */ = {isa = PBXFileReference; explicitFileType = wrapper.application; includeInIndex = 0; path = "swift-task-project.app"; sourceTree = BUILT_PRODUCTS_DIR; };
		31E684A1237CA5E400B01A4C /* AppDelegate.swift */ = {isa = PBXFileReference; lastKnownFileType = sourcecode.swift; path = AppDelegate.swift; sourceTree = "<group>"; };
		31E684A8237CA5E400B01A4C /* Assets.xcassets */ = {isa = PBXFileReference; lastKnownFileType = folder.assetcatalog; path = Assets.xcassets; sourceTree = "<group>"; };
		31E684AB237CA5E400B01A4C /* Base */ = {isa = PBXFileReference; lastKnownFileType = file.storyboard; name = Base; path = Base.lproj/LaunchScreen.storyboard; sourceTree = "<group>"; };
		31E684AD237CA5E400B01A4C /* Info.plist */ = {isa = PBXFileReference; lastKnownFileType = text.plist.xml; path = Info.plist; sourceTree = "<group>"; };
		31E684B2237CA5E400B01A4C /* swift-task-projectTests.xctest */ = {isa = PBXFileReference; explicitFileType = wrapper.cfbundle; includeInIndex = 0; path = "swift-task-projectTests.xctest"; sourceTree = BUILT_PRODUCTS_DIR; };
		31E684B6237CA5E400B01A4C /* swift_task_projectTests.swift */ = {isa = PBXFileReference; lastKnownFileType = sourcecode.swift; path = swift_task_projectTests.swift; sourceTree = "<group>"; };
		31E684B8237CA5E400B01A4C /* Info.plist */ = {isa = PBXFileReference; lastKnownFileType = text.plist.xml; path = Info.plist; sourceTree = "<group>"; };
		31E684BD237CA5E400B01A4C /* swift-task-projectUITests.xctest */ = {isa = PBXFileReference; explicitFileType = wrapper.cfbundle; includeInIndex = 0; path = "swift-task-projectUITests.xctest"; sourceTree = BUILT_PRODUCTS_DIR; };
		31E684C1237CA5E400B01A4C /* swift_task_projectUITests.swift */ = {isa = PBXFileReference; lastKnownFileType = sourcecode.swift; path = swift_task_projectUITests.swift; sourceTree = "<group>"; };
		31E684C3237CA5E400B01A4C /* Info.plist */ = {isa = PBXFileReference; lastKnownFileType = text.plist.xml; path = Info.plist; sourceTree = "<group>"; };
/* End PBXFileReference section */

/* Begin PBXFrameworksBuildPhase section */
		31E6849B237CA5E400B01A4C /* Frameworks */ = {
			isa = PBXFrameworksBuildPhase;
			buildActionMask = 2147483647;
			files = (
			);
			runOnlyForDeploymentPostprocessing = 0;
		};
		31E684AF237CA5E400B01A4C /* Frameworks */ = {
			isa = PBXFrameworksBuildPhase;
			buildActionMask = 2147483647;
			files = (
			);
			runOnlyForDeploymentPostprocessing = 0;
		};
		31E684BA237CA5E400B01A4C /* Frameworks */ = {
			isa = PBXFrameworksBuildPhase;
			buildActionMask = 2147483647;
			files = (
			);
			runOnlyForDeploymentPostprocessing = 0;
		};
/* End PBXFrameworksBuildPhase section */

/* Begin PBXGroup section */
		31E68495237CA5E400B01A4C = {
			isa = PBXGroup;
			children = (
				31E684A0237CA5E400B01A4C /* swift-task-project */,
				31E684B5237CA5E400B01A4C /* swift-task-projectTests */,
				31E684C0237CA5E400B01A4C /* swift-task-projectUITests */,
				31E6849F237CA5E400B01A4C /* Products */,
			);
			sourceTree = "<group>";
		};
		31E6849F237CA5E400B01A4C /* Products */ = {
			isa = PBXGroup;
			children = (
				31E6849E237CA5E400B01A4C /* swift-task-project.app */,
				31E684B2237CA5E400B01A4C /* swift-task-projectTests.xctest */,
				31E684BD237CA5E400B01A4C /* swift-task-projectUITests.xctest */,
			);
			name = Products;
			sourceTree = "<group>";
		};
		31E684A0237CA5E400B01A4C /* swift-task-project */ = {
			isa = PBXGroup;
			children = (
				31E684A1237CA5E400B01A4C /* AppDelegate.swift */,
				31E684A8237CA5E400B01A4C /* Assets.xcassets */,
				31E684AA237CA5E400B01A4C /* LaunchScreen.storyboard */,
				31E684AD237CA5E400B01A4C /* Info.plist */,
				3113AD3623817FC300B96120 /* TasksViewController.swift */,
			);
			path = "swift-task-project";
			sourceTree = "<group>";
		};
		31E684B5237CA5E400B01A4C /* swift-task-projectTests */ = {
			isa = PBXGroup;
			children = (
				31E684B6237CA5E400B01A4C /* swift_task_projectTests.swift */,
				31E684B8237CA5E400B01A4C /* Info.plist */,
			);
			path = "swift-task-projectTests";
			sourceTree = "<group>";
		};
		31E684C0237CA5E400B01A4C /* swift-task-projectUITests */ = {
			isa = PBXGroup;
			children = (
				31E684C1237CA5E400B01A4C /* swift_task_projectUITests.swift */,
				31E684C3237CA5E400B01A4C /* Info.plist */,
			);
			path = "swift-task-projectUITests";
			sourceTree = "<group>";
		};
/* End PBXGroup section */

/* Begin PBXNativeTarget section */
		31E6849D237CA5E400B01A4C /* swift-task-project */ = {
			isa = PBXNativeTarget;
			buildConfigurationList = 31E684C6237CA5E400B01A4C /* Build configuration list for PBXNativeTarget "swift-task-project" */;
			buildPhases = (
				31E6849A237CA5E400B01A4C /* Sources */,
				31E6849B237CA5E400B01A4C /* Frameworks */,
				31E6849C237CA5E400B01A4C /* Resources */,
			);
			buildRules = (
			);
			dependencies = (
			);
			name = "swift-task-project";
			productName = "swift-task-project";
			productReference = 31E6849E237CA5E400B01A4C /* swift-task-project.app */;
			productType = "com.apple.product-type.application";
		};
		31E684B1237CA5E400B01A4C /* swift-task-projectTests */ = {
			isa = PBXNativeTarget;
			buildConfigurationList = 31E684C9237CA5E400B01A4C /* Build configuration list for PBXNativeTarget "swift-task-projectTests" */;
			buildPhases = (
				31E684AE237CA5E400B01A4C /* Sources */,
				31E684AF237CA5E400B01A4C /* Frameworks */,
				31E684B0237CA5E400B01A4C /* Resources */,
			);
			buildRules = (
			);
			dependencies = (
				31E684B4237CA5E400B01A4C /* PBXTargetDependency */,
			);
			name = "swift-task-projectTests";
			productName = "swift-task-projectTests";
			productReference = 31E684B2237CA5E400B01A4C /* swift-task-projectTests.xctest */;
			productType = "com.apple.product-type.bundle.unit-test";
		};
		31E684BC237CA5E400B01A4C /* swift-task-projectUITests */ = {
			isa = PBXNativeTarget;
			buildConfigurationList = 31E684CC237CA5E400B01A4C /* Build configuration list for PBXNativeTarget "swift-task-projectUITests" */;
			buildPhases = (
				31E684B9237CA5E400B01A4C /* Sources */,
				31E684BA237CA5E400B01A4C /* Frameworks */,
				31E684BB237CA5E400B01A4C /* Resources */,
			);
			buildRules = (
			);
			dependencies = (
				31E684BF237CA5E400B01A4C /* PBXTargetDependency */,
			);
			name = "swift-task-projectUITests";
			productName = "swift-task-projectUITests";
			productReference = 31E684BD237CA5E400B01A4C /* swift-task-projectUITests.xctest */;
			productType = "com.apple.product-type.bundle.ui-testing";
		};
/* End PBXNativeTarget section */

/* Begin PBXProject section */
		31E68496237CA5E400B01A4C /* Project object */ = {
			isa = PBXProject;
			attributes = {
				LastSwiftUpdateCheck = 1010;
				LastUpgradeCheck = 1010;
				ORGANIZATIONNAME = "Aleksey Vakulenko";
				TargetAttributes = {
					31E6849D237CA5E400B01A4C = {
						CreatedOnToolsVersion = 10.1;
					};
					31E684B1237CA5E400B01A4C = {
						CreatedOnToolsVersion = 10.1;
						TestTargetID = 31E6849D237CA5E400B01A4C;
					};
					31E684BC237CA5E400B01A4C = {
						CreatedOnToolsVersion = 10.1;
						TestTargetID = 31E6849D237CA5E400B01A4C;
					};
				};
			};
			buildConfigurationList = 31E68499237CA5E400B01A4C /* Build configuration list for PBXProject "swift-task-project" */;
			compatibilityVersion = "Xcode 9.3";
			developmentRegion = en;
			hasScannedForEncodings = 0;
			knownRegions = (
				en,
				Base,
			);
			mainGroup = 31E68495237CA5E400B01A4C;
			productRefGroup = 31E6849F237CA5E400B01A4C /* Products */;
			projectDirPath = "";
			projectRoot = "";
			targets = (
				31E6849D237CA5E400B01A4C /* swift-task-project */,
				31E684B1237CA5E400B01A4C /* swift-task-projectTests */,
				31E684BC237CA5E400B01A4C /* swift-task-projectUITests */,
			);
		};
/* End PBXProject section */

/* Begin PBXResourcesBuildPhase section */
		31E6849C237CA5E400B01A4C /* Resources */ = {
			isa = PBXResourcesBuildPhase;
			buildActionMask = 2147483647;
			files = (
				31E684AC237CA5E400B01A4C /* LaunchScreen.storyboard in Resources */,
				31E684A9237CA5E400B01A4C /* Assets.xcassets in Resources */,
			);
			runOnlyForDeploymentPostprocessing = 0;
		};
		31E684B0237CA5E400B01A4C /* Resources */ = {
			isa = PBXResourcesBuildPhase;
			buildActionMask = 2147483647;
			files = (
			);
			runOnlyForDeploymentPostprocessing = 0;
		};
		31E684BB237CA5E400B01A4C /* Resources */ = {
			isa = PBXResourcesBuildPhase;
			buildActionMask = 2147483647;
			files = (
			);
			runOnlyForDeploymentPostprocessing = 0;
		};
/* End PBXResourcesBuildPhase section */

/* Begin PBXSourcesBuildPhase section */
		31E6849A237CA5E400B01A4C /* Sources */ = {
			isa = PBXSourcesBuildPhase;
			buildActionMask = 2147483647;
			files = (
				31E684A2237CA5E400B01A4C /* AppDelegate.swift in Sources */,
				3113AD3723817FC300B96120 /* TasksViewController.swift in Sources */,
			);
			runOnlyForDeploymentPostprocessing = 0;
		};
		31E684AE237CA5E400B01A4C /* Sources */ = {
			isa = PBXSourcesBuildPhase;
			buildActionMask = 2147483647;
			files = (
				31E684B7237CA5E400B01A4C /* swift_task_projectTests.swift in Sources */,
			);
			runOnlyForDeploymentPostprocessing = 0;
		};
		31E684B9237CA5E400B01A4C /* Sources */ = {
			isa = PBXSourcesBuildPhase;
			buildActionMask = 2147483647;
			files = (
				31E684C2237CA5E400B01A4C /* swift_task_projectUITests.swift in Sources */,
			);
			runOnlyForDeploymentPostprocessing = 0;
		};
/* End PBXSourcesBuildPhase section */

/* Begin PBXTargetDependency section */
		31E684B4237CA5E400B01A4C /* PBXTargetDependency */ = {
			isa = PBXTargetDependency;
			target = 31E6849D237CA5E400B01A4C /* swift-task-project */;
			targetProxy = 31E684B3237CA5E400B01A4C /* PBXContainerItemProxy */;
		};
		31E684BF237CA5E400B01A4C /* PBXTargetDependency */ = {
			isa = PBXTargetDependency;
			target = 31E6849D237CA5E400B01A4C /* swift-task-project */;
			targetProxy = 31E684BE237CA5E400B01A4C /* PBXContainerItemProxy */;
		};
/* End PBXTargetDependency section */

/* Begin PBXVariantGroup section */
		31E684AA237CA5E400B01A4C /* LaunchScreen.storyboard */ = {
			isa = PBXVariantGroup;
			children = (
				31E684AB237CA5E400B01A4C /* Base */,
			);
			name = LaunchScreen.storyboard;
			sourceTree = "<group>";
		};
/* End PBXVariantGroup section */

/* Begin XCBuildConfiguration section */
		31E684C4237CA5E400B01A4C /* Debug */ = {
			isa = XCBuildConfiguration;
			buildSettings = {
				ALWAYS_SEARCH_USER_PATHS = NO;
				CLANG_ANALYZER_NONNULL = YES;
				CLANG_ANALYZER_NUMBER_OBJECT_CONVERSION = YES_AGGRESSIVE;
				CLANG_CXX_LANGUAGE_STANDARD = "gnu++14";
				CLANG_CXX_LIBRARY = "libc++";
				CLANG_ENABLE_MODULES = YES;
				CLANG_ENABLE_OBJC_ARC = YES;
				CLANG_ENABLE_OBJC_WEAK = YES;
				CLANG_WARN_BLOCK_CAPTURE_AUTORELEASING = YES;
				CLANG_WARN_BOOL_CONVERSION = YES;
				CLANG_WARN_COMMA = YES;
				CLANG_WARN_CONSTANT_CONVERSION = YES;
				CLANG_WARN_DEPRECATED_OBJC_IMPLEMENTATIONS = YES;
				CLANG_WARN_DIRECT_OBJC_ISA_USAGE = YES_ERROR;
				CLANG_WARN_DOCUMENTATION_COMMENTS = YES;
				CLANG_WARN_EMPTY_BODY = YES;
				CLANG_WARN_ENUM_CONVERSION = YES;
				CLANG_WARN_INFINITE_RECURSION = YES;
				CLANG_WARN_INT_CONVERSION = YES;
				CLANG_WARN_NON_LITERAL_NULL_CONVERSION = YES;
				CLANG_WARN_OBJC_IMPLICIT_RETAIN_SELF = YES;
				CLANG_WARN_OBJC_LITERAL_CONVERSION = YES;
				CLANG_WARN_OBJC_ROOT_CLASS = YES_ERROR;
				CLANG_WARN_RANGE_LOOP_ANALYSIS = YES;
				CLANG_WARN_STRICT_PROTOTYPES = YES;
				CLANG_WARN_SUSPICIOUS_MOVE = YES;
				CLANG_WARN_UNGUARDED_AVAILABILITY = YES_AGGRESSIVE;
				CLANG_WARN_UNREACHABLE_CODE = YES;
				CLANG_WARN__DUPLICATE_METHOD_MATCH = YES;
				CODE_SIGN_IDENTITY = "iPhone Developer";
				COPY_PHASE_STRIP = NO;
				DEBUG_INFORMATION_FORMAT = dwarf;
				ENABLE_STRICT_OBJC_MSGSEND = YES;
				ENABLE_TESTABILITY = YES;
				GCC_C_LANGUAGE_STANDARD = gnu11;
				GCC_DYNAMIC_NO_PIC = NO;
				GCC_NO_COMMON_BLOCKS = YES;
				GCC_OPTIMIZATION_LEVEL = 0;
				GCC_PREPROCESSOR_DEFINITIONS = (
					"DEBUG=1",
					"$(inherited)",
				);
				GCC_WARN_64_TO_32_BIT_CONVERSION = YES;
				GCC_WARN_ABOUT_RETURN_TYPE = YES_ERROR;
				GCC_WARN_UNDECLARED_SELECTOR = YES;
				GCC_WARN_UNINITIALIZED_AUTOS = YES_AGGRESSIVE;
				GCC_WARN_UNUSED_FUNCTION = YES;
				GCC_WARN_UNUSED_VARIABLE = YES;
				IPHONEOS_DEPLOYMENT_TARGET = 12.1;
				MTL_ENABLE_DEBUG_INFO = INCLUDE_SOURCE;
				MTL_FAST_MATH = YES;
				ONLY_ACTIVE_ARCH = YES;
				SDKROOT = iphoneos;
				SWIFT_ACTIVE_COMPILATION_CONDITIONS = DEBUG;
				SWIFT_OPTIMIZATION_LEVEL = "-Onone";
			};
			name = Debug;
		};
		31E684C5237CA5E400B01A4C /* Release */ = {
			isa = XCBuildConfiguration;
			buildSettings = {
				ALWAYS_SEARCH_USER_PATHS = NO;
				CLANG_ANALYZER_NONNULL = YES;
				CLANG_ANALYZER_NUMBER_OBJECT_CONVERSION = YES_AGGRESSIVE;
				CLANG_CXX_LANGUAGE_STANDARD = "gnu++14";
				CLANG_CXX_LIBRARY = "libc++";
				CLANG_ENABLE_MODULES = YES;
				CLANG_ENABLE_OBJC_ARC = YES;
				CLANG_ENABLE_OBJC_WEAK = YES;
				CLANG_WARN_BLOCK_CAPTURE_AUTORELEASING = YES;
				CLANG_WARN_BOOL_CONVERSION = YES;
				CLANG_WARN_COMMA = YES;
				CLANG_WARN_CONSTANT_CONVERSION = YES;
				CLANG_WARN_DEPRECATED_OBJC_IMPLEMENTATIONS = YES;
				CLANG_WARN_DIRECT_OBJC_ISA_USAGE = YES_ERROR;
				CLANG_WARN_DOCUMENTATION_COMMENTS = YES;
				CLANG_WARN_EMPTY_BODY = YES;
				CLANG_WARN_ENUM_CONVERSION = YES;
				CLANG_WARN_INFINITE_RECURSION = YES;
				CLANG_WARN_INT_CONVERSION = YES;
				CLANG_WARN_NON_LITERAL_NULL_CONVERSION = YES;
				CLANG_WARN_OBJC_IMPLICIT_RETAIN_SELF = YES;
				CLANG_WARN_OBJC_LITERAL_CONVERSION = YES;
				CLANG_WARN_OBJC_ROOT_CLASS = YES_ERROR;
				CLANG_WARN_RANGE_LOOP_ANALYSIS = YES;
				CLANG_WARN_STRICT_PROTOTYPES = YES;
				CLANG_WARN_SUSPICIOUS_MOVE = YES;
				CLANG_WARN_UNGUARDED_AVAILABILITY = YES_AGGRESSIVE;
				CLANG_WARN_UNREACHABLE_CODE = YES;
				CLANG_WARN__DUPLICATE_METHOD_MATCH = YES;
				CODE_SIGN_IDENTITY = "iPhone Developer";
				COPY_PHASE_STRIP = NO;
				DEBUG_INFORMATION_FORMAT = "dwarf-with-dsym";
				ENABLE_NS_ASSERTIONS = NO;
				ENABLE_STRICT_OBJC_MSGSEND = YES;
				GCC_C_LANGUAGE_STANDARD = gnu11;
				GCC_NO_COMMON_BLOCKS = YES;
				GCC_WARN_64_TO_32_BIT_CONVERSION = YES;
				GCC_WARN_ABOUT_RETURN_TYPE = YES_ERROR;
				GCC_WARN_UNDECLARED_SELECTOR = YES;
				GCC_WARN_UNINITIALIZED_AUTOS = YES_AGGRESSIVE;
				GCC_WARN_UNUSED_FUNCTION = YES;
				GCC_WARN_UNUSED_VARIABLE = YES;
				IPHONEOS_DEPLOYMENT_TARGET = 12.1;
				MTL_ENABLE_DEBUG_INFO = NO;
				MTL_FAST_MATH = YES;
				SDKROOT = iphoneos;
				SWIFT_COMPILATION_MODE = wholemodule;
				SWIFT_OPTIMIZATION_LEVEL = "-O";
				VALIDATE_PRODUCT = YES;
			};
			name = Release;
		};
		31E684C7237CA5E400B01A4C /* Debug */ = {
			isa = XCBuildConfiguration;
			buildSettings = {
				ASSETCATALOG_COMPILER_APPICON_NAME = AppIcon;
				CODE_SIGN_STYLE = Automatic;
				INFOPLIST_FILE = "swift-task-project/Info.plist";
				LD_RUNPATH_SEARCH_PATHS = (
					"$(inherited)",
					"@executable_path/Frameworks",
				);
				PRODUCT_BUNDLE_IDENTIFIER = "sber.swift-task-project";
				PRODUCT_NAME = "$(TARGET_NAME)";
				SWIFT_VERSION = 4.2;
				TARGETED_DEVICE_FAMILY = "1,2";
			};
			name = Debug;
		};
		31E684C8237CA5E400B01A4C /* Release */ = {
			isa = XCBuildConfiguration;
			buildSettings = {
				ASSETCATALOG_COMPILER_APPICON_NAME = AppIcon;
				CODE_SIGN_STYLE = Automatic;
				INFOPLIST_FILE = "swift-task-project/Info.plist";
				LD_RUNPATH_SEARCH_PATHS = (
					"$(inherited)",
					"@executable_path/Frameworks",
				);
				PRODUCT_BUNDLE_IDENTIFIER = "sber.swift-task-project";
				PRODUCT_NAME = "$(TARGET_NAME)";
				SWIFT_VERSION = 4.2;
				TARGETED_DEVICE_FAMILY = "1,2";
			};
			name = Release;
		};
		31E684CA237CA5E400B01A4C /* Debug */ = {
			isa = XCBuildConfiguration;
			buildSettings = {
				ALWAYS_EMBED_SWIFT_STANDARD_LIBRARIES = YES;
				BUNDLE_LOADER = "$(TEST_HOST)";
				CODE_SIGN_STYLE = Automatic;
				INFOPLIST_FILE = "swift-task-projectTests/Info.plist";
				LD_RUNPATH_SEARCH_PATHS = (
					"$(inherited)",
					"@executable_path/Frameworks",
					"@loader_path/Frameworks",
				);
				PRODUCT_BUNDLE_IDENTIFIER = "sber.swift-task-projectTests";
				PRODUCT_NAME = "$(TARGET_NAME)";
				SWIFT_VERSION = 4.2;
				TARGETED_DEVICE_FAMILY = "1,2";
				TEST_HOST = "$(BUILT_PRODUCTS_DIR)/swift-task-project.app/swift-task-project";
			};
			name = Debug;
		};
		31E684CB237CA5E400B01A4C /* Release */ = {
			isa = XCBuildConfiguration;
			buildSettings = {
				ALWAYS_EMBED_SWIFT_STANDARD_LIBRARIES = YES;
				BUNDLE_LOADER = "$(TEST_HOST)";
				CODE_SIGN_STYLE = Automatic;
				INFOPLIST_FILE = "swift-task-projectTests/Info.plist";
				LD_RUNPATH_SEARCH_PATHS = (
					"$(inherited)",
					"@executable_path/Frameworks",
					"@loader_path/Frameworks",
				);
				PRODUCT_BUNDLE_IDENTIFIER = "sber.swift-task-projectTests";
				PRODUCT_NAME = "$(TARGET_NAME)";
				SWIFT_VERSION = 4.2;
				TARGETED_DEVICE_FAMILY = "1,2";
				TEST_HOST = "$(BUILT_PRODUCTS_DIR)/swift-task-project.app/swift-task-project";
			};
			name = Release;
		};
		31E684CD237CA5E400B01A4C /* Debug */ = {
			isa = XCBuildConfiguration;
			buildSettings = {
				ALWAYS_EMBED_SWIFT_STANDARD_LIBRARIES = YES;
				CODE_SIGN_STYLE = Automatic;
				INFOPLIST_FILE = "swift-task-projectUITests/Info.plist";
				LD_RUNPATH_SEARCH_PATHS = (
					"$(inherited)",
					"@executable_path/Frameworks",
					"@loader_path/Frameworks",
				);
				PRODUCT_BUNDLE_IDENTIFIER = "sber.swift-task-projectUITests";
				PRODUCT_NAME = "$(TARGET_NAME)";
				SWIFT_VERSION = 4.2;
				TARGETED_DEVICE_FAMILY = "1,2";
				TEST_TARGET_NAME = "swift-task-project";
			};
			name = Debug;
		};
		31E684CE237CA5E400B01A4C /* Release */ = {
			isa = XCBuildConfiguration;
			buildSettings = {
				ALWAYS_EMBED_SWIFT_STANDARD_LIBRARIES = YES;
				CODE_SIGN_STYLE = Automatic;
				INFOPLIST_FILE = "swift-task-projectUITests/Info.plist";
				LD_RUNPATH_SEARCH_PATHS = (
					"$(inherited)",
					"@executable_path/Frameworks",
					"@loader_path/Frameworks",
				);
				PRODUCT_BUNDLE_IDENTIFIER = "sber.swift-task-projectUITests";
				PRODUCT_NAME = "$(TARGET_NAME)";
				SWIFT_VERSION = 4.2;
				TARGETED_DEVICE_FAMILY = "1,2";
				TEST_TARGET_NAME = "swift-task-project";
			};
			name = Release;
		};
/* End XCBuildConfiguration section */

/* Begin XCConfigurationList section */
		31E68499237CA5E400B01A4C /* Build configuration list for PBXProject "swift-task-project" */ = {
			isa = XCConfigurationList;
			buildConfigurations = (
				31E684C4237CA5E400B01A4C /* Debug */,
				31E684C5237CA5E400B01A4C /* Release */,
			);
			defaultConfigurationIsVisible = 0;
			defaultConfigurationName = Release;
		};
		31E684C6237CA5E400B01A4C /* Build configuration list for PBXNativeTarget "swift-task-project" */ = {
			isa = XCConfigurationList;
			buildConfigurations = (
				31E684C7237CA5E400B01A4C /* Debug */,
				31E684C8237CA5E400B01A4C /* Release */,
			);
			defaultConfigurationIsVisible = 0;
			defaultConfigurationName = Release;
		};
		31E684C9237CA5E400B01A4C /* Build configuration list for PBXNativeTarget "swift-task-projectTests" */ = {
			isa = XCConfigurationList;
			buildConfigurations = (
				31E684CA237CA5E400B01A4C /* Debug */,
				31E684CB237CA5E400B01A4C /* Release */,
			);
			defaultConfigurationIsVisible = 0;
			defaultConfigurationName = Release;
		};
		31E684CC237CA5E400B01A4C /* Build configuration list for PBXNativeTarget "swift-task-projectUITests" */ = {
			isa = XCConfigurationList;
			buildConfigurations = (
				31E684CD237CA5E400B01A4C /* Debug */,
				31E684CE237CA5E400B01A4C /* Release */,
			);
			defaultConfigurationIsVisible = 0;
			defaultConfigurationName = Release;
		};
/* End XCConfigurationList section */
	};
	rootObject = 31E68496237CA5E400B01A4C /* Project object */;
}
